
Microsoft Visual Studio Solution File, Format Version 12.00
# Visual Studio 15
VisualStudioVersion = 15.0.28306.52
MinimumVisualStudioVersion = 10.0.40219.1
Project("{8BC9CEB8-8B4A-11D0-8D11-00A0C91BC942}") = "Kursach", "Kursach\Kursach.vcxproj", "{FBBDA53D-FFB0-4FEE-A2CE-5A87F33563A6}"
EndProject
Global
	GlobalSection(SolutionConfigurationPlatforms) = preSolution
		Debug|x64 = Debug|x64
		Debug|x86 = Debug|x86
		Release|x64 = Release|x64
		Release|x86 = Release|x86
	EndGlobalSection
	GlobalSection(ProjectConfigurationPlatforms) = postSolution
		{FBBDA53D-FFB0-4FEE-A2CE-5A87F33563A6}.Debug|x64.ActiveCfg = Debug|x64
		{FBBDA53D-FFB0-4FEE-A2CE-5A87F33563A6}.Debug|x64.Build.0 = Debug|x64
		{FBBDA53D-FFB0-4FEE-A2CE-5A87F33563A6}.Debug|x86.ActiveCfg = Debug|Win32
		{FBBDA53D-FFB0-4FEE-A2CE-5A87F33563A6}.Debug|x86.Build.0 = Debug|Win32
		{FBBDA53D-FFB0-4FEE-A2CE-5A87F33563A6}.Release|x64.ActiveCfg = Release|x64
		{FBBDA53D-FFB0-4FEE-A2CE-5A87F33563A6}.Release|x64.Build.0 = Release|x64
		{FBBDA53D-FFB0-4FEE-A2CE-5A87F33563A6}.Release|x86.ActiveCfg = Release|Win32
		{FBBDA53D-FFB0-4FEE-A2CE-5A87F33563A6}.Release|x86.Build.0 = Release|Win32
	EndGlobalSection
	GlobalSection(SolutionProperties) = preSolution
		HideSolutionNode = FALSE
	EndGlobalSection
	GlobalSection(ExtensibilityGlobals) = postSolution
		SolutionGuid = {394BDA0D-45E3-47B8-A952-8113599DFCCA}
	EndGlobalSection
EndGlobal
